
Microsoft Visual Studio Solution File, Format Version 12.00
# Visual Studio Version 17
VisualStudioVersion = 17.9.34728.123
MinimumVisualStudioVersion = 10.0.40219.1
Project("{FAE04EC0-301F-11D3-BF4B-00C04F79EFBC}") = "HelpDeskSupportApi", "HelpDeskSupportApi\HelpDeskSupportApi.csproj", "{2F3782FE-2C62-42A9-9FB7-3A9623712486}"
EndProject
Project("{FAE04EC0-301F-11D3-BF4B-00C04F79EFBC}") = "HelpDeskSupportApi.UnitTests", "HelpDeskSupportApi.UnitTests\HelpDeskSupportApi.UnitTests.csproj", "{1EF17C6D-DE1E-40A0-9435-36238EF1C529}"
EndProject
Project("{FAE04EC0-301F-11D3-BF4B-00C04F79EFBC}") = "HelpDeskSupportApi.ContractTests", "HelpDeskSupportApi.ContractTests\HelpDeskSupportApi.ContractTests.csproj", "{46ABBB40-AA00-446E-993D-43039B7F2876}"
EndProject
Global
	GlobalSection(SolutionConfigurationPlatforms) = preSolution
		Debug|Any CPU = Debug|Any CPU
		Release|Any CPU = Release|Any CPU
	EndGlobalSection
	GlobalSection(ProjectConfigurationPlatforms) = postSolution
		{2F3782FE-2C62-42A9-9FB7-3A9623712486}.Debug|Any CPU.ActiveCfg = Debug|Any CPU
		{2F3782FE-2C62-42A9-9FB7-3A9623712486}.Debug|Any CPU.Build.0 = Debug|Any CPU
		{2F3782FE-2C62-42A9-9FB7-3A9623712486}.Release|Any CPU.ActiveCfg = Release|Any CPU
		{2F3782FE-2C62-42A9-9FB7-3A9623712486}.Release|Any CPU.Build.0 = Release|Any CPU
		{1EF17C6D-DE1E-40A0-9435-36238EF1C529}.Debug|Any CPU.ActiveCfg = Debug|Any CPU
		{1EF17C6D-DE1E-40A0-9435-36238EF1C529}.Debug|Any CPU.Build.0 = Debug|Any CPU
		{1EF17C6D-DE1E-40A0-9435-36238EF1C529}.Release|Any CPU.ActiveCfg = Release|Any CPU
		{1EF17C6D-DE1E-40A0-9435-36238EF1C529}.Release|Any CPU.Build.0 = Release|Any CPU
		{46ABBB40-AA00-446E-993D-43039B7F2876}.Debug|Any CPU.ActiveCfg = Debug|Any CPU
		{46ABBB40-AA00-446E-993D-43039B7F2876}.Debug|Any CPU.Build.0 = Debug|Any CPU
		{46ABBB40-AA00-446E-993D-43039B7F2876}.Release|Any CPU.ActiveCfg = Release|Any CPU
		{46ABBB40-AA00-446E-993D-43039B7F2876}.Release|Any CPU.Build.0 = Release|Any CPU
	EndGlobalSection
	GlobalSection(SolutionProperties) = preSolution
		HideSolutionNode = FALSE
	EndGlobalSection
	GlobalSection(ExtensibilityGlobals) = postSolution
		SolutionGuid = {C4BF886C-AC99-4F4D-81C0-14EC63EA2C92}
	EndGlobalSection
EndGlobal
